// !$*UTF8*$!
{
	archiveVersion = 1;
	classes = {
	};
	objectVersion = 50;
	objects = {

/* Begin PBXBuildFile section */
		0A083EC673C82DE80B4EC751 /* libPods-IOSProject01_启动图.a in Frameworks */ = {isa = PBXBuildFile; fileRef = 08454DC4B4038CE2CE244755 /* libPods-IOSProject01_启动图.a */; };
		784CA2A220E08393002D5065 /* AppDelegate.m in Sources */ = {isa = PBXBuildFile; fileRef = 784CA2A120E08393002D5065 /* AppDelegate.m */; };
		784CA2A520E08393002D5065 /* ViewController.m in Sources */ = {isa = PBXBuildFile; fileRef = 784CA2A420E08393002D5065 /* ViewController.m */; };
		784CA2AA20E08396002D5065 /* Assets.xcassets in Resources */ = {isa = PBXBuildFile; fileRef = 784CA2A920E08396002D5065 /* Assets.xcassets */; };
		784CA2B020E08396002D5065 /* main.m in Sources */ = {isa = PBXBuildFile; fileRef = 784CA2AF20E08396002D5065 /* main.m */; };
		784CA2BF20E0920C002D5065 /* AdvertiseHelper.m in Sources */ = {isa = PBXBuildFile; fileRef = 784CA2BC20E0920C002D5065 /* AdvertiseHelper.m */; };
		784CA2C020E0920C002D5065 /* AdvertiseView.m in Sources */ = {isa = PBXBuildFile; fileRef = 784CA2BE20E0920C002D5065 /* AdvertiseView.m */; };
		784CA2C620E0983A002D5065 /* LMJIntroductoryPagesView.m in Sources */ = {isa = PBXBuildFile; fileRef = 784CA2C120E0983A002D5065 /* LMJIntroductoryPagesView.m */; };
		784CA2C820E0983A002D5065 /* LMJIntroductoryPagesHelper.m in Sources */ = {isa = PBXBuildFile; fileRef = 784CA2C520E0983A002D5065 /* LMJIntroductoryPagesHelper.m */; };
		784CA2CD20E0B69B002D5065 /* UIColor+Random.m in Sources */ = {isa = PBXBuildFile; fileRef = 784CA2CC20E0B69B002D5065 /* UIColor+Random.m */; };
		784CA2DC20E0BFFB002D5065 /* intro_2.jpg in Resources */ = {isa = PBXBuildFile; fileRef = 784CA2D820E0BFFB002D5065 /* intro_2.jpg */; };
		784CA2DD20E0BFFB002D5065 /* intro_0.jpg in Resources */ = {isa = PBXBuildFile; fileRef = 784CA2D920E0BFFB002D5065 /* intro_0.jpg */; };
		784CA2DE20E0BFFB002D5065 /* intro_1.jpg in Resources */ = {isa = PBXBuildFile; fileRef = 784CA2DA20E0BFFB002D5065 /* intro_1.jpg */; };
		784CA2DF20E0BFFB002D5065 /* intro_3.jpg in Resources */ = {isa = PBXBuildFile; fileRef = 784CA2DB20E0BFFB002D5065 /* intro_3.jpg */; };
		784CA2E120E0D48A002D5065 /* intro_4.gif in Resources */ = {isa = PBXBuildFile; fileRef = 784CA2E020E0D48A002D5065 /* intro_4.gif */; };
		784CA2E720E0DA09002D5065 /* LoginController.m in Sources */ = {isa = PBXBuildFile; fileRef = 784CA2E520E0DA09002D5065 /* LoginController.m */; };
		784CA2EC20E0DA1F002D5065 /* LXDAccount.m in Sources */ = {isa = PBXBuildFile; fileRef = 784CA2E920E0DA1E002D5065 /* LXDAccount.m */; };
		784CA2ED20E0DA1F002D5065 /* LXDAccountTool.m in Sources */ = {isa = PBXBuildFile; fileRef = 784CA2EA20E0DA1F002D5065 /* LXDAccountTool.m */; };
		784CA2F320E0DAA2002D5065 /* LXDNet.m in Sources */ = {isa = PBXBuildFile; fileRef = 784CA2EF20E0DAA2002D5065 /* LXDNet.m */; };
		784CA2F420E0DAA2002D5065 /* SFJXMLParser.m in Sources */ = {isa = PBXBuildFile; fileRef = 784CA2F120E0DAA2002D5065 /* SFJXMLParser.m */; };
/* End PBXBuildFile section */

/* Begin PBXFileReference section */
		08454DC4B4038CE2CE244755 /* libPods-IOSProject01_启动图.a */ = {isa = PBXFileReference; explicitFileType = archive.ar; includeInIndex = 0; path = "libPods-IOSProject01_启动图.a"; sourceTree = BUILT_PRODUCTS_DIR; };
		784CA29D20E08393002D5065 /* IOSProject01_启动图.app */ = {isa = PBXFileReference; explicitFileType = wrapper.application; includeInIndex = 0; path = "IOSProject01_启动图.app"; sourceTree = BUILT_PRODUCTS_DIR; };
		784CA2A020E08393002D5065 /* AppDelegate.h */ = {isa = PBXFileReference; lastKnownFileType = sourcecode.c.h; path = AppDelegate.h; sourceTree = "<group>"; };
		784CA2A120E08393002D5065 /* AppDelegate.m */ = {isa = PBXFileReference; lastKnownFileType = sourcecode.c.objc; path = AppDelegate.m; sourceTree = "<group>"; };
		784CA2A320E08393002D5065 /* ViewController.h */ = {isa = PBXFileReference; lastKnownFileType = sourcecode.c.h; path = ViewController.h; sourceTree = "<group>"; };
		784CA2A420E08393002D5065 /* ViewController.m */ = {isa = PBXFileReference; lastKnownFileType = sourcecode.c.objc; path = ViewController.m; sourceTree = "<group>"; };
		784CA2A920E08396002D5065 /* Assets.xcassets */ = {isa = PBXFileReference; lastKnownFileType = folder.assetcatalog; path = Assets.xcassets; sourceTree = "<group>"; };
		784CA2AE20E08396002D5065 /* Info.plist */ = {isa = PBXFileReference; lastKnownFileType = text.plist.xml; path = Info.plist; sourceTree = "<group>"; };
		784CA2AF20E08396002D5065 /* main.m */ = {isa = PBXFileReference; lastKnownFileType = sourcecode.c.objc; path = main.m; sourceTree = "<group>"; };
		784CA2BB20E0920C002D5065 /* AdvertiseHelper.h */ = {isa = PBXFileReference; fileEncoding = 4; lastKnownFileType = sourcecode.c.h; path = AdvertiseHelper.h; sourceTree = "<group>"; };
		784CA2BC20E0920C002D5065 /* AdvertiseHelper.m */ = {isa = PBXFileReference; fileEncoding = 4; lastKnownFileType = sourcecode.c.objc; path = AdvertiseHelper.m; sourceTree = "<group>"; };
		784CA2BD20E0920C002D5065 /* AdvertiseView.h */ = {isa = PBXFileReference; fileEncoding = 4; lastKnownFileType = sourcecode.c.h; path = AdvertiseView.h; sourceTree = "<group>"; };
		784CA2BE20E0920C002D5065 /* AdvertiseView.m */ = {isa = PBXFileReference; fileEncoding = 4; lastKnownFileType = sourcecode.c.objc; path = AdvertiseView.m; sourceTree = "<group>"; };
		784CA2C120E0983A002D5065 /* LMJIntroductoryPagesView.m */ = {isa = PBXFileReference; fileEncoding = 4; lastKnownFileType = sourcecode.c.objc; path = LMJIntroductoryPagesView.m; sourceTree = "<group>"; };
		784CA2C320E0983A002D5065 /* LMJIntroductoryPagesView.h */ = {isa = PBXFileReference; fileEncoding = 4; lastKnownFileType = sourcecode.c.h; path = LMJIntroductoryPagesView.h; sourceTree = "<group>"; };
		784CA2C420E0983A002D5065 /* LMJIntroductoryPagesHelper.h */ = {isa = PBXFileReference; fileEncoding = 4; lastKnownFileType = sourcecode.c.h; path = LMJIntroductoryPagesHelper.h; sourceTree = "<group>"; };
		784CA2C520E0983A002D5065 /* LMJIntroductoryPagesHelper.m */ = {isa = PBXFileReference; fileEncoding = 4; lastKnownFileType = sourcecode.c.objc; path = LMJIntroductoryPagesHelper.m; sourceTree = "<group>"; };
		784CA2C920E0B050002D5065 /* PrefixHeader.pch */ = {isa = PBXFileReference; lastKnownFileType = sourcecode.c.h; path = PrefixHeader.pch; sourceTree = "<group>"; };
		784CA2CB20E0B69A002D5065 /* UIColor+Random.h */ = {isa = PBXFileReference; fileEncoding = 4; lastKnownFileType = sourcecode.c.h; path = "UIColor+Random.h"; sourceTree = "<group>"; };
		784CA2CC20E0B69B002D5065 /* UIColor+Random.m */ = {isa = PBXFileReference; fileEncoding = 4; lastKnownFileType = sourcecode.c.objc; path = "UIColor+Random.m"; sourceTree = "<group>"; };
		784CA2D820E0BFFB002D5065 /* intro_2.jpg */ = {isa = PBXFileReference; lastKnownFileType = image.jpeg; path = intro_2.jpg; sourceTree = "<group>"; };
		784CA2D920E0BFFB002D5065 /* intro_0.jpg */ = {isa = PBXFileReference; lastKnownFileType = image.jpeg; path = intro_0.jpg; sourceTree = "<group>"; };
		784CA2DA20E0BFFB002D5065 /* intro_1.jpg */ = {isa = PBXFileReference; lastKnownFileType = image.jpeg; path = intro_1.jpg; sourceTree = "<group>"; };
		784CA2DB20E0BFFB002D5065 /* intro_3.jpg */ = {isa = PBXFileReference; lastKnownFileType = image.jpeg; path = intro_3.jpg; sourceTree = "<group>"; };
		784CA2E020E0D48A002D5065 /* intro_4.gif */ = {isa = PBXFileReference; lastKnownFileType = image.gif; path = intro_4.gif; sourceTree = "<group>"; };
		784CA2E520E0DA09002D5065 /* LoginController.m */ = {isa = PBXFileReference; fileEncoding = 4; lastKnownFileType = sourcecode.c.objc; path = LoginController.m; sourceTree = "<group>"; };
		784CA2E620E0DA09002D5065 /* LoginController.h */ = {isa = PBXFileReference; fileEncoding = 4; lastKnownFileType = sourcecode.c.h; path = LoginController.h; sourceTree = "<group>"; };
		784CA2E820E0DA1E002D5065 /* LXDAccountTool.h */ = {isa = PBXFileReference; fileEncoding = 4; lastKnownFileType = sourcecode.c.h; path = LXDAccountTool.h; sourceTree = "<group>"; };
		784CA2E920E0DA1E002D5065 /* LXDAccount.m */ = {isa = PBXFileReference; fileEncoding = 4; lastKnownFileType = sourcecode.c.objc; path = LXDAccount.m; sourceTree = "<group>"; };
		784CA2EA20E0DA1F002D5065 /* LXDAccountTool.m */ = {isa = PBXFileReference; fileEncoding = 4; lastKnownFileType = sourcecode.c.objc; path = LXDAccountTool.m; sourceTree = "<group>"; };
		784CA2EB20E0DA1F002D5065 /* LXDAccount.h */ = {isa = PBXFileReference; fileEncoding = 4; lastKnownFileType = sourcecode.c.h; path = LXDAccount.h; sourceTree = "<group>"; };
		784CA2EF20E0DAA2002D5065 /* LXDNet.m */ = {isa = PBXFileReference; fileEncoding = 4; lastKnownFileType = sourcecode.c.objc; path = LXDNet.m; sourceTree = "<group>"; };
		784CA2F020E0DAA2002D5065 /* SFJXMLParser.h */ = {isa = PBXFileReference; fileEncoding = 4; lastKnownFileType = sourcecode.c.h; path = SFJXMLParser.h; sourceTree = "<group>"; };
		784CA2F120E0DAA2002D5065 /* SFJXMLParser.m */ = {isa = PBXFileReference; fileEncoding = 4; lastKnownFileType = sourcecode.c.objc; path = SFJXMLParser.m; sourceTree = "<group>"; };
		784CA2F220E0DAA2002D5065 /* LXDNet.h */ = {isa = PBXFileReference; fileEncoding = 4; lastKnownFileType = sourcecode.c.h; path = LXDNet.h; sourceTree = "<group>"; };
		A0C9BDA24FD19BFD7EE3BD21 /* Pods-IOSProject01_启动图.debug.xcconfig */ = {isa = PBXFileReference; includeInIndex = 1; lastKnownFileType = text.xcconfig; name = "Pods-IOSProject01_启动图.debug.xcconfig"; path = "Pods/Target Support Files/Pods-IOSProject01_启动图/Pods-IOSProject01_启动图.debug.xcconfig"; sourceTree = "<group>"; };
		A9186B3214E7BD3C13CDC844 /* Pods-IOSProject01_启动图.release.xcconfig */ = {isa = PBXFileReference; includeInIndex = 1; lastKnownFileType = text.xcconfig; name = "Pods-IOSProject01_启动图.release.xcconfig"; path = "Pods/Target Support Files/Pods-IOSProject01_启动图/Pods-IOSProject01_启动图.release.xcconfig"; sourceTree = "<group>"; };
/* End PBXFileReference section */

/* Begin PBXFrameworksBuildPhase section */
		784CA29A20E08393002D5065 /* Frameworks */ = {
			isa = PBXFrameworksBuildPhase;
			buildActionMask = 2147483647;
			files = (
				0A083EC673C82DE80B4EC751 /* libPods-IOSProject01_启动图.a in Frameworks */,
			);
			runOnlyForDeploymentPostprocessing = 0;
		};
/* End PBXFrameworksBuildPhase section */

/* Begin PBXGroup section */
		00C1DDB02DA47A30E82E97D0 /* Frameworks */ = {
			isa = PBXGroup;
			children = (
				08454DC4B4038CE2CE244755 /* libPods-IOSProject01_启动图.a */,
			);
			name = Frameworks;
			sourceTree = "<group>";
		};
		784CA29420E08393002D5065 = {
			isa = PBXGroup;
			children = (
				784CA29F20E08393002D5065 /* IOSProject01_启动图 */,
				784CA29E20E08393002D5065 /* Products */,
				A71D5C54CBB08F12EEFC953A /* Pods */,
				00C1DDB02DA47A30E82E97D0 /* Frameworks */,
			);
			sourceTree = "<group>";
		};
		784CA29E20E08393002D5065 /* Products */ = {
			isa = PBXGroup;
			children = (
				784CA29D20E08393002D5065 /* IOSProject01_启动图.app */,
			);
			name = Products;
			sourceTree = "<group>";
		};
		784CA29F20E08393002D5065 /* IOSProject01_启动图 */ = {
			isa = PBXGroup;
			children = (
				784CA2EE20E0DA91002D5065 /* Tool */,
				784CA2E320E0D9D3002D5065 /* Login */,
				784CA2CA20E0B683002D5065 /* Category */,
				784CA2C920E0B050002D5065 /* PrefixHeader.pch */,
				784CA2B820E09116002D5065 /* Helpers */,
				784CA2A020E08393002D5065 /* AppDelegate.h */,
				784CA2A120E08393002D5065 /* AppDelegate.m */,
				784CA2A320E08393002D5065 /* ViewController.h */,
				784CA2A420E08393002D5065 /* ViewController.m */,
				784CA2A920E08396002D5065 /* Assets.xcassets */,
				784CA2AE20E08396002D5065 /* Info.plist */,
				784CA2AF20E08396002D5065 /* main.m */,
			);
			path = "IOSProject01_启动图";
			sourceTree = "<group>";
		};
		784CA2B820E09116002D5065 /* Helpers */ = {
			isa = PBXGroup;
			children = (
				784CA2BA20E0913B002D5065 /* 欢迎页 */,
				784CA2B920E0911D002D5065 /* 广告页 */,
			);
			path = Helpers;
			sourceTree = "<group>";
		};
		784CA2B920E0911D002D5065 /* 广告页 */ = {
			isa = PBXGroup;
			children = (
				784CA2BB20E0920C002D5065 /* AdvertiseHelper.h */,
				784CA2BC20E0920C002D5065 /* AdvertiseHelper.m */,
				784CA2BD20E0920C002D5065 /* AdvertiseView.h */,
				784CA2BE20E0920C002D5065 /* AdvertiseView.m */,
			);
			path = "广告页";
			sourceTree = "<group>";
		};
		784CA2BA20E0913B002D5065 /* 欢迎页 */ = {
			isa = PBXGroup;
			children = (
				784CA2CF20E0BF6C002D5065 /* welcomImg */,
				784CA2C420E0983A002D5065 /* LMJIntroductoryPagesHelper.h */,
				784CA2C520E0983A002D5065 /* LMJIntroductoryPagesHelper.m */,
				784CA2C320E0983A002D5065 /* LMJIntroductoryPagesView.h */,
				784CA2C120E0983A002D5065 /* LMJIntroductoryPagesView.m */,
			);
			path = "欢迎页";
			sourceTree = "<group>";
		};
		784CA2CA20E0B683002D5065 /* Category */ = {
			isa = PBXGroup;
			children = (
				784CA2CB20E0B69A002D5065 /* UIColor+Random.h */,
				784CA2CC20E0B69B002D5065 /* UIColor+Random.m */,
			);
			path = Category;
			sourceTree = "<group>";
		};
		784CA2CF20E0BF6C002D5065 /* welcomImg */ = {
			isa = PBXGroup;
			children = (
				784CA2E020E0D48A002D5065 /* intro_4.gif */,
				784CA2D920E0BFFB002D5065 /* intro_0.jpg */,
				784CA2DA20E0BFFB002D5065 /* intro_1.jpg */,
				784CA2D820E0BFFB002D5065 /* intro_2.jpg */,
				784CA2DB20E0BFFB002D5065 /* intro_3.jpg */,
			);
			path = welcomImg;
			sourceTree = "<group>";
		};
		784CA2E320E0D9D3002D5065 /* Login */ = {
			isa = PBXGroup;
			children = (
				784CA2E420E0D9EC002D5065 /* Controller */,
			);
			path = Login;
			sourceTree = "<group>";
		};
		784CA2E420E0D9EC002D5065 /* Controller */ = {
			isa = PBXGroup;
			children = (
				784CA2EB20E0DA1F002D5065 /* LXDAccount.h */,
				784CA2E920E0DA1E002D5065 /* LXDAccount.m */,
				784CA2E820E0DA1E002D5065 /* LXDAccountTool.h */,
				784CA2EA20E0DA1F002D5065 /* LXDAccountTool.m */,
				784CA2E620E0DA09002D5065 /* LoginController.h */,
				784CA2E520E0DA09002D5065 /* LoginController.m */,
			);
			path = Controller;
			sourceTree = "<group>";
		};
		784CA2EE20E0DA91002D5065 /* Tool */ = {
			isa = PBXGroup;
			children = (
				784CA2F220E0DAA2002D5065 /* LXDNet.h */,
				784CA2EF20E0DAA2002D5065 /* LXDNet.m */,
				784CA2F020E0DAA2002D5065 /* SFJXMLParser.h */,
				784CA2F120E0DAA2002D5065 /* SFJXMLParser.m */,
			);
			path = Tool;
			sourceTree = "<group>";
		};
		A71D5C54CBB08F12EEFC953A /* Pods */ = {
			isa = PBXGroup;
			children = (
				A0C9BDA24FD19BFD7EE3BD21 /* Pods-IOSProject01_启动图.debug.xcconfig */,
				A9186B3214E7BD3C13CDC844 /* Pods-IOSProject01_启动图.release.xcconfig */,
			);
			name = Pods;
			sourceTree = "<group>";
		};
/* End PBXGroup section */

/* Begin PBXNativeTarget section */
		784CA29C20E08393002D5065 /* IOSProject01_启动图 */ = {
			isa = PBXNativeTarget;
			buildConfigurationList = 784CA2B320E08396002D5065 /* Build configuration list for PBXNativeTarget "IOSProject01_启动图" */;
			buildPhases = (
				282F0BB58B7D55AB22A4A710 /* [CP] Check Pods Manifest.lock */,
				784CA29920E08393002D5065 /* Sources */,
				784CA29A20E08393002D5065 /* Frameworks */,
				784CA29B20E08393002D5065 /* Resources */,
				E9CBF404CD66BADD50532132 /* [CP] Copy Pods Resources */,
			);
			buildRules = (
			);
			dependencies = (
			);
			name = "IOSProject01_启动图";
			productName = "IOSProject01_启动图";
			productReference = 784CA29D20E08393002D5065 /* IOSProject01_启动图.app */;
			productType = "com.apple.product-type.application";
		};
/* End PBXNativeTarget section */

/* Begin PBXProject section */
		784CA29520E08393002D5065 /* Project object */ = {
			isa = PBXProject;
			attributes = {
				LastUpgradeCheck = 0930;
				ORGANIZATIONNAME = Luxondata;
				TargetAttributes = {
					784CA29C20E08393002D5065 = {
						CreatedOnToolsVersion = 9.3;
					};
				};
			};
			buildConfigurationList = 784CA29820E08393002D5065 /* Build configuration list for PBXProject "IOSProject01_启动图" */;
			compatibilityVersion = "Xcode 9.3";
			developmentRegion = en;
			hasScannedForEncodings = 0;
			knownRegions = (
				en,
				Base,
			);
			mainGroup = 784CA29420E08393002D5065;
			productRefGroup = 784CA29E20E08393002D5065 /* Products */;
			projectDirPath = "";
			projectRoot = "";
			targets = (
				784CA29C20E08393002D5065 /* IOSProject01_启动图 */,
			);
		};
/* End PBXProject section */

/* Begin PBXResourcesBuildPhase section */
		784CA29B20E08393002D5065 /* Resources */ = {
			isa = PBXResourcesBuildPhase;
			buildActionMask = 2147483647;
			files = (
				784CA2AA20E08396002D5065 /* Assets.xcassets in Resources */,
				784CA2DC20E0BFFB002D5065 /* intro_2.jpg in Resources */,
				784CA2DE20E0BFFB002D5065 /* intro_1.jpg in Resources */,
				784CA2E120E0D48A002D5065 /* intro_4.gif in Resources */,
				784CA2DF20E0BFFB002D5065 /* intro_3.jpg in Resources */,
				784CA2DD20E0BFFB002D5065 /* intro_0.jpg in Resources */,
			);
			runOnlyForDeploymentPostprocessing = 0;
		};
/* End PBXResourcesBuildPhase section */

/* Begin PBXShellScriptBuildPhase section */
		282F0BB58B7D55AB22A4A710 /* [CP] Check Pods Manifest.lock */ = {
			isa = PBXShellScriptBuildPhase;
			buildActionMask = 2147483647;
			files = (
			);
			inputPaths = (
				"${PODS_PODFILE_DIR_PATH}/Podfile.lock",
				"${PODS_ROOT}/Manifest.lock",
			);
			name = "[CP] Check Pods Manifest.lock";
			outputPaths = (
				"$(DERIVED_FILE_DIR)/Pods-IOSProject01_启动图-checkManifestLockResult.txt",
			);
			runOnlyForDeploymentPostprocessing = 0;
			shellPath = /bin/sh;
			shellScript = "diff \"${PODS_PODFILE_DIR_PATH}/Podfile.lock\" \"${PODS_ROOT}/Manifest.lock\" > /dev/null\nif [ $? != 0 ] ; then\n    # print error to STDERR\n    echo \"error: The sandbox is not in sync with the Podfile.lock. Run 'pod install' or update your CocoaPods installation.\" >&2\n    exit 1\nfi\n# This output is used by Xcode 'outputs' to avoid re-running this script phase.\necho \"SUCCESS\" > \"${SCRIPT_OUTPUT_FILE_0}\"\n";
			showEnvVarsInLog = 0;
		};
		E9CBF404CD66BADD50532132 /* [CP] Copy Pods Resources */ = {
			isa = PBXShellScriptBuildPhase;
			buildActionMask = 2147483647;
			files = (
			);
			inputPaths = (
				"${SRCROOT}/Pods/Target Support Files/Pods-IOSProject01_启动图/Pods-IOSProject01_启动图-resources.sh",
				"${PODS_ROOT}/IQKeyboardManager/IQKeyboardManager/Resources/IQKeyboardManager.bundle",
			);
			name = "[CP] Copy Pods Resources";
			outputPaths = (
				"${TARGET_BUILD_DIR}/${UNLOCALIZED_RESOURCES_FOLDER_PATH}/IQKeyboardManager.bundle",
			);
			runOnlyForDeploymentPostprocessing = 0;
			shellPath = /bin/sh;
			shellScript = "\"${SRCROOT}/Pods/Target Support Files/Pods-IOSProject01_启动图/Pods-IOSProject01_启动图-resources.sh\"\n";
			showEnvVarsInLog = 0;
		};
/* End PBXShellScriptBuildPhase section */

/* Begin PBXSourcesBuildPhase section */
		784CA29920E08393002D5065 /* Sources */ = {
			isa = PBXSourcesBuildPhase;
			buildActionMask = 2147483647;
			files = (
				784CA2ED20E0DA1F002D5065 /* LXDAccountTool.m in Sources */,
				784CA2A520E08393002D5065 /* ViewController.m in Sources */,
				784CA2F320E0DAA2002D5065 /* LXDNet.m in Sources */,
				784CA2B020E08396002D5065 /* main.m in Sources */,
				784CA2F420E0DAA2002D5065 /* SFJXMLParser.m in Sources */,
				784CA2EC20E0DA1F002D5065 /* LXDAccount.m in Sources */,
				784CA2A220E08393002D5065 /* AppDelegate.m in Sources */,
				784CA2C620E0983A002D5065 /* LMJIntroductoryPagesView.m in Sources */,
				784CA2CD20E0B69B002D5065 /* UIColor+Random.m in Sources */,
				784CA2C820E0983A002D5065 /* LMJIntroductoryPagesHelper.m in Sources */,
				784CA2C020E0920C002D5065 /* AdvertiseView.m in Sources */,
				784CA2BF20E0920C002D5065 /* AdvertiseHelper.m in Sources */,
				784CA2E720E0DA09002D5065 /* LoginController.m in Sources */,
			);
			runOnlyForDeploymentPostprocessing = 0;
		};
/* End PBXSourcesBuildPhase section */

/* Begin XCBuildConfiguration section */
		784CA2B120E08396002D5065 /* Debug */ = {
			isa = XCBuildConfiguration;
			buildSettings = {
				ALWAYS_SEARCH_USER_PATHS = NO;
				CLANG_ANALYZER_NONNULL = YES;
				CLANG_ANALYZER_NUMBER_OBJECT_CONVERSION = YES_AGGRESSIVE;
				CLANG_CXX_LANGUAGE_STANDARD = "gnu++14";
				CLANG_CXX_LIBRARY = "libc++";
				CLANG_ENABLE_MODULES = YES;
				CLANG_ENABLE_OBJC_ARC = YES;
				CLANG_ENABLE_OBJC_WEAK = YES;
				CLANG_WARN_BLOCK_CAPTURE_AUTORELEASING = YES;
				CLANG_WARN_BOOL_CONVERSION = YES;
				CLANG_WARN_COMMA = YES;
				CLANG_WARN_CONSTANT_CONVERSION = YES;
				CLANG_WARN_DEPRECATED_OBJC_IMPLEMENTATIONS = YES;
				CLANG_WARN_DIRECT_OBJC_ISA_USAGE = YES_ERROR;
				CLANG_WARN_DOCUMENTATION_COMMENTS = YES;
				CLANG_WARN_EMPTY_BODY = YES;
				CLANG_WARN_ENUM_CONVERSION = YES;
				CLANG_WARN_INFINITE_RECURSION = YES;
				CLANG_WARN_INT_CONVERSION = YES;
				CLANG_WARN_NON_LITERAL_NULL_CONVERSION = YES;
				CLANG_WARN_OBJC_IMPLICIT_RETAIN_SELF = YES;
				CLANG_WARN_OBJC_LITERAL_CONVERSION = YES;
				CLANG_WARN_OBJC_ROOT_CLASS = YES_ERROR;
				CLANG_WARN_RANGE_LOOP_ANALYSIS = YES;
				CLANG_WARN_STRICT_PROTOTYPES = YES;
				CLANG_WARN_SUSPICIOUS_MOVE = YES;
				CLANG_WARN_UNGUARDED_AVAILABILITY = YES_AGGRESSIVE;
				CLANG_WARN_UNREACHABLE_CODE = YES;
				CLANG_WARN__DUPLICATE_METHOD_MATCH = YES;
				CODE_SIGN_IDENTITY = "iPhone Developer";
				COPY_PHASE_STRIP = NO;
				DEBUG_INFORMATION_FORMAT = dwarf;
				ENABLE_STRICT_OBJC_MSGSEND = YES;
				ENABLE_TESTABILITY = YES;
				GCC_C_LANGUAGE_STANDARD = gnu11;
				GCC_DYNAMIC_NO_PIC = NO;
				GCC_NO_COMMON_BLOCKS = YES;
				GCC_OPTIMIZATION_LEVEL = 0;
				GCC_PREPROCESSOR_DEFINITIONS = (
					"DEBUG=1",
					"$(inherited)",
				);
				GCC_WARN_64_TO_32_BIT_CONVERSION = YES;
				GCC_WARN_ABOUT_RETURN_TYPE = YES_ERROR;
				GCC_WARN_UNDECLARED_SELECTOR = YES;
				GCC_WARN_UNINITIALIZED_AUTOS = YES_AGGRESSIVE;
				GCC_WARN_UNUSED_FUNCTION = YES;
				GCC_WARN_UNUSED_VARIABLE = YES;
				IPHONEOS_DEPLOYMENT_TARGET = 11.3;
				MTL_ENABLE_DEBUG_INFO = YES;
				ONLY_ACTIVE_ARCH = YES;
				SDKROOT = iphoneos;
			};
			name = Debug;
		};
		784CA2B220E08396002D5065 /* Release */ = {
			isa = XCBuildConfiguration;
			buildSettings = {
				ALWAYS_SEARCH_USER_PATHS = NO;
				CLANG_ANALYZER_NONNULL = YES;
				CLANG_ANALYZER_NUMBER_OBJECT_CONVERSION = YES_AGGRESSIVE;
				CLANG_CXX_LANGUAGE_STANDARD = "gnu++14";
				CLANG_CXX_LIBRARY = "libc++";
				CLANG_ENABLE_MODULES = YES;
				CLANG_ENABLE_OBJC_ARC = YES;
				CLANG_ENABLE_OBJC_WEAK = YES;
				CLANG_WARN_BLOCK_CAPTURE_AUTORELEASING = YES;
				CLANG_WARN_BOOL_CONVERSION = YES;
				CLANG_WARN_COMMA = YES;
				CLANG_WARN_CONSTANT_CONVERSION = YES;
				CLANG_WARN_DEPRECATED_OBJC_IMPLEMENTATIONS = YES;
				CLANG_WARN_DIRECT_OBJC_ISA_USAGE = YES_ERROR;
				CLANG_WARN_DOCUMENTATION_COMMENTS = YES;
				CLANG_WARN_EMPTY_BODY = YES;
				CLANG_WARN_ENUM_CONVERSION = YES;
				CLANG_WARN_INFINITE_RECURSION = YES;
				CLANG_WARN_INT_CONVERSION = YES;
				CLANG_WARN_NON_LITERAL_NULL_CONVERSION = YES;
				CLANG_WARN_OBJC_IMPLICIT_RETAIN_SELF = YES;
				CLANG_WARN_OBJC_LITERAL_CONVERSION = YES;
				CLANG_WARN_OBJC_ROOT_CLASS = YES_ERROR;
				CLANG_WARN_RANGE_LOOP_ANALYSIS = YES;
				CLANG_WARN_STRICT_PROTOTYPES = YES;
				CLANG_WARN_SUSPICIOUS_MOVE = YES;
				CLANG_WARN_UNGUARDED_AVAILABILITY = YES_AGGRESSIVE;
				CLANG_WARN_UNREACHABLE_CODE = YES;
				CLANG_WARN__DUPLICATE_METHOD_MATCH = YES;
				CODE_SIGN_IDENTITY = "iPhone Developer";
				COPY_PHASE_STRIP = NO;
				DEBUG_INFORMATION_FORMAT = "dwarf-with-dsym";
				ENABLE_NS_ASSERTIONS = NO;
				ENABLE_STRICT_OBJC_MSGSEND = YES;
				GCC_C_LANGUAGE_STANDARD = gnu11;
				GCC_NO_COMMON_BLOCKS = YES;
				GCC_WARN_64_TO_32_BIT_CONVERSION = YES;
				GCC_WARN_ABOUT_RETURN_TYPE = YES_ERROR;
				GCC_WARN_UNDECLARED_SELECTOR = YES;
				GCC_WARN_UNINITIALIZED_AUTOS = YES_AGGRESSIVE;
				GCC_WARN_UNUSED_FUNCTION = YES;
				GCC_WARN_UNUSED_VARIABLE = YES;
				IPHONEOS_DEPLOYMENT_TARGET = 11.3;
				MTL_ENABLE_DEBUG_INFO = NO;
				SDKROOT = iphoneos;
				VALIDATE_PRODUCT = YES;
			};
			name = Release;
		};
		784CA2B420E08396002D5065 /* Debug */ = {
			isa = XCBuildConfiguration;
			baseConfigurationReference = A0C9BDA24FD19BFD7EE3BD21 /* Pods-IOSProject01_启动图.debug.xcconfig */;
			buildSettings = {
				ASSETCATALOG_COMPILER_APPICON_NAME = AppIcon;
				ASSETCATALOG_COMPILER_LAUNCHIMAGE_NAME = LaunchImage;
				CODE_SIGN_STYLE = Automatic;
				DEVELOPMENT_TEAM = 9FXT67878F;
				GCC_PREFIX_HEADER = "IOSProject01_启动图/PrefixHeader.pch";
				INFOPLIST_FILE = "IOSProject01_启动图/Info.plist";
				LD_RUNPATH_SEARCH_PATHS = "$(inherited) @executable_path/Frameworks";
				PRODUCT_BUNDLE_IDENTIFIER = "com.luxondata.IOSProject01----";
				PRODUCT_NAME = "$(TARGET_NAME)";
				TARGETED_DEVICE_FAMILY = 1;
			};
			name = Debug;
		};
		784CA2B520E08396002D5065 /* Release */ = {
			isa = XCBuildConfiguration;
			baseConfigurationReference = A9186B3214E7BD3C13CDC844 /* Pods-IOSProject01_启动图.release.xcconfig */;
			buildSettings = {
				ASSETCATALOG_COMPILER_APPICON_NAME = AppIcon;
				ASSETCATALOG_COMPILER_LAUNCHIMAGE_NAME = LaunchImage;
				CODE_SIGN_STYLE = Automatic;
				DEVELOPMENT_TEAM = 9FXT67878F;
				GCC_PREFIX_HEADER = "IOSProject01_启动图/PrefixHeader.pch";
				INFOPLIST_FILE = "IOSProject01_启动图/Info.plist";
				LD_RUNPATH_SEARCH_PATHS = "$(inherited) @executable_path/Frameworks";
				PRODUCT_BUNDLE_IDENTIFIER = "com.luxondata.IOSProject01----";
				PRODUCT_NAME = "$(TARGET_NAME)";
				TARGETED_DEVICE_FAMILY = 1;
			};
			name = Release;
		};
/* End XCBuildConfiguration section */

/* Begin XCConfigurationList section */
		784CA29820E08393002D5065 /* Build configuration list for PBXProject "IOSProject01_启动图" */ = {
			isa = XCConfigurationList;
			buildConfigurations = (
				784CA2B120E08396002D5065 /* Debug */,
				784CA2B220E08396002D5065 /* Release */,
			);
			defaultConfigurationIsVisible = 0;
			defaultConfigurationName = Release;
		};
		784CA2B320E08396002D5065 /* Build configuration list for PBXNativeTarget "IOSProject01_启动图" */ = {
			isa = XCConfigurationList;
			buildConfigurations = (
				784CA2B420E08396002D5065 /* Debug */,
				784CA2B520E08396002D5065 /* Release */,
			);
			defaultConfigurationIsVisible = 0;
			defaultConfigurationName = Release;
		};
/* End XCConfigurationList section */
	};
	rootObject = 784CA29520E08393002D5065 /* Project object */;
}
